
Microsoft Visual Studio Solution File, Format Version 12.00
# Visual Studio 2012
Project("{FAE04EC0-301F-11D3-BF4B-00C04F79EFBC}") = "DynLambda", "DynLambda\DynLambda.csproj", "{CF9F63C2-F32E-430D-9130-0A07723F61B0}"
EndProject
Global
	GlobalSection(SolutionConfigurationPlatforms) = preSolution
		Debug|Any CPU = Debug|Any CPU
		Release|Any CPU = Release|Any CPU
	EndGlobalSection
	GlobalSection(ProjectConfigurationPlatforms) = postSolution
		{CF9F63C2-F32E-430D-9130-0A07723F61B0}.Debug|Any CPU.ActiveCfg = Debug|Any CPU
		{CF9F63C2-F32E-430D-9130-0A07723F61B0}.Debug|Any CPU.Build.0 = Debug|Any CPU
		{CF9F63C2-F32E-430D-9130-0A07723F61B0}.Release|Any CPU.ActiveCfg = Release|Any CPU
		{CF9F63C2-F32E-430D-9130-0A07723F61B0}.Release|Any CPU.Build.0 = Release|Any CPU
	EndGlobalSection
	GlobalSection(SolutionProperties) = preSolution
		HideSolutionNode = FALSE
	EndGlobalSection
EndGlobal
