
Microsoft Visual Studio Solution File, Format Version 12.00
# Visual Studio 2012
Project("{2150E333-8FDC-42A3-9474-1A3956D46DE8}") = "01实体层", "01实体层", "{4DD724CB-2BD4-4A15-90ED-E5C07AF4667A}"
EndProject
Project("{2150E333-8FDC-42A3-9474-1A3956D46DE8}") = "02数据库访问层", "02数据库访问层", "{507F8509-1FA1-4E2C-8806-90AA8C8284FE}"
EndProject
Project("{2150E333-8FDC-42A3-9474-1A3956D46DE8}") = "04业务逻辑层", "04业务逻辑层", "{E068D87D-DCC8-4832-B6DC-5646799B902B}"
EndProject
Project("{2150E333-8FDC-42A3-9474-1A3956D46DE8}") = "07UI层", "07UI层", "{C698DDDC-A894-4FBD-A36D-2F5A1A94E753}"
EndProject
Project("{FAE04EC0-301F-11D3-BF4B-00C04F79EFBC}") = "EMS11.Model", "EMS11.Model\EMS11.Model.csproj", "{6E241A25-8F91-4C1E-8F6C-122CA7DA3C20}"
EndProject
Project("{FAE04EC0-301F-11D3-BF4B-00C04F79EFBC}") = "EMS11.Dal", "EMS11.Dal\EMS11.Dal.csproj", "{ECEB8510-A285-4DE0-9DD9-245931F36A80}"
EndProject
Project("{FAE04EC0-301F-11D3-BF4B-00C04F79EFBC}") = "EMS11.IDal", "EMS11.IDal\EMS11.IDal.csproj", "{1BBACA33-5D0A-471D-A6DE-6D5E21EDF096}"
EndProject
Project("{2150E333-8FDC-42A3-9474-1A3956D46DE8}") = "03 数据访问层工厂", "03 数据访问层工厂", "{EF034C1F-7330-4878-86AC-9667F82F4824}"
EndProject
Project("{FAE04EC0-301F-11D3-BF4B-00C04F79EFBC}") = "EMS11.DalFactory", "EMS11.DalFactory\EMS11.DalFactory.csproj", "{349C8E4E-08A0-459A-9367-7F3707022D74}"
EndProject
Project("{FAE04EC0-301F-11D3-BF4B-00C04F79EFBC}") = "EMS11.BLL", "EMS11.BLL\EMS11.BLL.csproj", "{6BEB7D36-1EF5-4B4F-A691-4B05FB98D973}"
EndProject
Project("{FAE04EC0-301F-11D3-BF4B-00C04F79EFBC}") = "EMS11.Site", "EMS11.Site\EMS11.Site.csproj", "{38E6DB6B-E13D-4ADD-B4CE-9A5C8DEADEA6}"
EndProject
Project("{FAE04EC0-301F-11D3-BF4B-00C04F79EFBC}") = "EMS11.BLLForMobile", "EMS11.BLLForMobile\EMS11.BLLForMobile.csproj", "{79B58A21-A397-414F-AE62-618D8F735D80}"
EndProject
Project("{FAE04EC0-301F-11D3-BF4B-00C04F79EFBC}") = "EMS11.IBLL", "EMS11.IBLL\EMS11.IBLL.csproj", "{1A695F0A-430C-4412-931A-3FA5DD48A0BA}"
EndProject
Project("{2150E333-8FDC-42A3-9474-1A3956D46DE8}") = "05业务工厂", "05业务工厂", "{A5807AE6-C1F7-4ABE-9D8B-2E7E0BE1F900}"
EndProject
Project("{FAE04EC0-301F-11D3-BF4B-00C04F79EFBC}") = "EMS11.BLLFactory", "EMS11.BLLFactory\EMS11.BLLFactory.csproj", "{6B105FC4-8FA9-4503-B0E6-FACA7E8E2E12}"
EndProject
Project("{FAE04EC0-301F-11D3-BF4B-00C04F79EFBC}") = "EMS11.BLLFactoryMobile", "EMS11.BLLFactoryMobile\EMS11.BLLFactoryMobile.csproj", "{66CCA2FB-D8E3-46AB-AE52-7809F1A02643}"
EndProject
Project("{FAE04EC0-301F-11D3-BF4B-00C04F79EFBC}") = "EMS11.AbsFactory", "EMS11.AbsFactory\EMS11.AbsFactory.csproj", "{96AF0625-25D6-47D2-A3D8-E49AEE0E7ED3}"
EndProject
Project("{2150E333-8FDC-42A3-9474-1A3956D46DE8}") = "06公共类库", "06公共类库", "{5D4F1497-BFDF-4BD2-9A64-0F64C717AEA5}"
EndProject
Project("{FAE04EC0-301F-11D3-BF4B-00C04F79EFBC}") = "EMS11.Common", "EMS11.Common\EMS11.Common.csproj", "{26C98D36-5073-4FA5-8922-DF6D4113690C}"
EndProject
Project("{FAE04EC0-301F-11D3-BF4B-00C04F79EFBC}") = "EMS11.EntityMap", "EMS11.EntityMap\EMS11.EntityMap.csproj", "{7A90AB85-C646-42E5-9849-195946F0563A}"
EndProject
Global
	GlobalSection(SubversionScc) = preSolution
		Svn-Managed = True
		Manager = AnkhSVN - Subversion Support for Visual Studio
	EndGlobalSection
	GlobalSection(SolutionConfigurationPlatforms) = preSolution
		Debug|Any CPU = Debug|Any CPU
		Release|Any CPU = Release|Any CPU
	EndGlobalSection
	GlobalSection(ProjectConfigurationPlatforms) = postSolution
		{6E241A25-8F91-4C1E-8F6C-122CA7DA3C20}.Debug|Any CPU.ActiveCfg = Debug|Any CPU
		{6E241A25-8F91-4C1E-8F6C-122CA7DA3C20}.Debug|Any CPU.Build.0 = Debug|Any CPU
		{6E241A25-8F91-4C1E-8F6C-122CA7DA3C20}.Release|Any CPU.ActiveCfg = Release|Any CPU
		{6E241A25-8F91-4C1E-8F6C-122CA7DA3C20}.Release|Any CPU.Build.0 = Release|Any CPU
		{ECEB8510-A285-4DE0-9DD9-245931F36A80}.Debug|Any CPU.ActiveCfg = Debug|Any CPU
		{ECEB8510-A285-4DE0-9DD9-245931F36A80}.Debug|Any CPU.Build.0 = Debug|Any CPU
		{ECEB8510-A285-4DE0-9DD9-245931F36A80}.Release|Any CPU.ActiveCfg = Release|Any CPU
		{ECEB8510-A285-4DE0-9DD9-245931F36A80}.Release|Any CPU.Build.0 = Release|Any CPU
		{1BBACA33-5D0A-471D-A6DE-6D5E21EDF096}.Debug|Any CPU.ActiveCfg = Debug|Any CPU
		{1BBACA33-5D0A-471D-A6DE-6D5E21EDF096}.Debug|Any CPU.Build.0 = Debug|Any CPU
		{1BBACA33-5D0A-471D-A6DE-6D5E21EDF096}.Release|Any CPU.ActiveCfg = Release|Any CPU
		{1BBACA33-5D0A-471D-A6DE-6D5E21EDF096}.Release|Any CPU.Build.0 = Release|Any CPU
		{349C8E4E-08A0-459A-9367-7F3707022D74}.Debug|Any CPU.ActiveCfg = Debug|Any CPU
		{349C8E4E-08A0-459A-9367-7F3707022D74}.Debug|Any CPU.Build.0 = Debug|Any CPU
		{349C8E4E-08A0-459A-9367-7F3707022D74}.Release|Any CPU.ActiveCfg = Release|Any CPU
		{349C8E4E-08A0-459A-9367-7F3707022D74}.Release|Any CPU.Build.0 = Release|Any CPU
		{6BEB7D36-1EF5-4B4F-A691-4B05FB98D973}.Debug|Any CPU.ActiveCfg = Debug|Any CPU
		{6BEB7D36-1EF5-4B4F-A691-4B05FB98D973}.Debug|Any CPU.Build.0 = Debug|Any CPU
		{6BEB7D36-1EF5-4B4F-A691-4B05FB98D973}.Release|Any CPU.ActiveCfg = Release|Any CPU
		{6BEB7D36-1EF5-4B4F-A691-4B05FB98D973}.Release|Any CPU.Build.0 = Release|Any CPU
		{38E6DB6B-E13D-4ADD-B4CE-9A5C8DEADEA6}.Debug|Any CPU.ActiveCfg = Debug|Any CPU
		{38E6DB6B-E13D-4ADD-B4CE-9A5C8DEADEA6}.Debug|Any CPU.Build.0 = Debug|Any CPU
		{38E6DB6B-E13D-4ADD-B4CE-9A5C8DEADEA6}.Release|Any CPU.ActiveCfg = Release|Any CPU
		{38E6DB6B-E13D-4ADD-B4CE-9A5C8DEADEA6}.Release|Any CPU.Build.0 = Release|Any CPU
		{79B58A21-A397-414F-AE62-618D8F735D80}.Debug|Any CPU.ActiveCfg = Debug|Any CPU
		{79B58A21-A397-414F-AE62-618D8F735D80}.Debug|Any CPU.Build.0 = Debug|Any CPU
		{79B58A21-A397-414F-AE62-618D8F735D80}.Release|Any CPU.ActiveCfg = Release|Any CPU
		{79B58A21-A397-414F-AE62-618D8F735D80}.Release|Any CPU.Build.0 = Release|Any CPU
		{1A695F0A-430C-4412-931A-3FA5DD48A0BA}.Debug|Any CPU.ActiveCfg = Debug|Any CPU
		{1A695F0A-430C-4412-931A-3FA5DD48A0BA}.Debug|Any CPU.Build.0 = Debug|Any CPU
		{1A695F0A-430C-4412-931A-3FA5DD48A0BA}.Release|Any CPU.ActiveCfg = Release|Any CPU
		{1A695F0A-430C-4412-931A-3FA5DD48A0BA}.Release|Any CPU.Build.0 = Release|Any CPU
		{6B105FC4-8FA9-4503-B0E6-FACA7E8E2E12}.Debug|Any CPU.ActiveCfg = Debug|Any CPU
		{6B105FC4-8FA9-4503-B0E6-FACA7E8E2E12}.Debug|Any CPU.Build.0 = Debug|Any CPU
		{6B105FC4-8FA9-4503-B0E6-FACA7E8E2E12}.Release|Any CPU.ActiveCfg = Release|Any CPU
		{6B105FC4-8FA9-4503-B0E6-FACA7E8E2E12}.Release|Any CPU.Build.0 = Release|Any CPU
		{66CCA2FB-D8E3-46AB-AE52-7809F1A02643}.Debug|Any CPU.ActiveCfg = Debug|Any CPU
		{66CCA2FB-D8E3-46AB-AE52-7809F1A02643}.Debug|Any CPU.Build.0 = Debug|Any CPU
		{66CCA2FB-D8E3-46AB-AE52-7809F1A02643}.Release|Any CPU.ActiveCfg = Release|Any CPU
		{66CCA2FB-D8E3-46AB-AE52-7809F1A02643}.Release|Any CPU.Build.0 = Release|Any CPU
		{96AF0625-25D6-47D2-A3D8-E49AEE0E7ED3}.Debug|Any CPU.ActiveCfg = Debug|Any CPU
		{96AF0625-25D6-47D2-A3D8-E49AEE0E7ED3}.Debug|Any CPU.Build.0 = Debug|Any CPU
		{96AF0625-25D6-47D2-A3D8-E49AEE0E7ED3}.Release|Any CPU.ActiveCfg = Release|Any CPU
		{96AF0625-25D6-47D2-A3D8-E49AEE0E7ED3}.Release|Any CPU.Build.0 = Release|Any CPU
		{26C98D36-5073-4FA5-8922-DF6D4113690C}.Debug|Any CPU.ActiveCfg = Debug|Any CPU
		{26C98D36-5073-4FA5-8922-DF6D4113690C}.Debug|Any CPU.Build.0 = Debug|Any CPU
		{26C98D36-5073-4FA5-8922-DF6D4113690C}.Release|Any CPU.ActiveCfg = Release|Any CPU
		{26C98D36-5073-4FA5-8922-DF6D4113690C}.Release|Any CPU.Build.0 = Release|Any CPU
		{7A90AB85-C646-42E5-9849-195946F0563A}.Debug|Any CPU.ActiveCfg = Debug|Any CPU
		{7A90AB85-C646-42E5-9849-195946F0563A}.Debug|Any CPU.Build.0 = Debug|Any CPU
		{7A90AB85-C646-42E5-9849-195946F0563A}.Release|Any CPU.ActiveCfg = Release|Any CPU
		{7A90AB85-C646-42E5-9849-195946F0563A}.Release|Any CPU.Build.0 = Release|Any CPU
	EndGlobalSection
	GlobalSection(SolutionProperties) = preSolution
		HideSolutionNode = FALSE
	EndGlobalSection
	GlobalSection(NestedProjects) = preSolution
		{6E241A25-8F91-4C1E-8F6C-122CA7DA3C20} = {4DD724CB-2BD4-4A15-90ED-E5C07AF4667A}
		{ECEB8510-A285-4DE0-9DD9-245931F36A80} = {507F8509-1FA1-4E2C-8806-90AA8C8284FE}
		{1BBACA33-5D0A-471D-A6DE-6D5E21EDF096} = {507F8509-1FA1-4E2C-8806-90AA8C8284FE}
		{6BEB7D36-1EF5-4B4F-A691-4B05FB98D973} = {E068D87D-DCC8-4832-B6DC-5646799B902B}
		{79B58A21-A397-414F-AE62-618D8F735D80} = {E068D87D-DCC8-4832-B6DC-5646799B902B}
		{1A695F0A-430C-4412-931A-3FA5DD48A0BA} = {E068D87D-DCC8-4832-B6DC-5646799B902B}
		{38E6DB6B-E13D-4ADD-B4CE-9A5C8DEADEA6} = {C698DDDC-A894-4FBD-A36D-2F5A1A94E753}
		{349C8E4E-08A0-459A-9367-7F3707022D74} = {EF034C1F-7330-4878-86AC-9667F82F4824}
		{6B105FC4-8FA9-4503-B0E6-FACA7E8E2E12} = {A5807AE6-C1F7-4ABE-9D8B-2E7E0BE1F900}
		{66CCA2FB-D8E3-46AB-AE52-7809F1A02643} = {A5807AE6-C1F7-4ABE-9D8B-2E7E0BE1F900}
		{96AF0625-25D6-47D2-A3D8-E49AEE0E7ED3} = {A5807AE6-C1F7-4ABE-9D8B-2E7E0BE1F900}
		{26C98D36-5073-4FA5-8922-DF6D4113690C} = {5D4F1497-BFDF-4BD2-9A64-0F64C717AEA5}
		{7A90AB85-C646-42E5-9849-195946F0563A} = {5D4F1497-BFDF-4BD2-9A64-0F64C717AEA5}
	EndGlobalSection
EndGlobal
